// !$*UTF8*$!
{
	archiveVersion = 1;
	classes = {
	};
	objectVersion = 46;
	objects = {

/* Begin PBXBuildFile section */
		5F4F423E1DC937240026228F /* Assets.xcassets in Resources */ = {isa = PBXBuildFile; fileRef = 5F4F423D1DC937240026228F /* Assets.xcassets */; };
		5F4F42451DC937250026228F /* MessagesExtension.appex in Embed App Extensions */ = {isa = PBXBuildFile; fileRef = 5F4F42441DC937250026228F /* MessagesExtension.appex */; settings = {ATTRIBUTES = (RemoveHeadersOnCopy, ); }; };
		5F4F424A1DC937250026228F /* Messages.framework in Frameworks */ = {isa = PBXBuildFile; fileRef = 5F4F42491DC937250026228F /* Messages.framework */; };
		5F4F424D1DC937250026228F /* MessagesViewController.swift in Sources */ = {isa = PBXBuildFile; fileRef = 5F4F424C1DC937250026228F /* MessagesViewController.swift */; };
		5F4F42501DC937250026228F /* MainInterface.storyboard in Resources */ = {isa = PBXBuildFile; fileRef = 5F4F424E1DC937250026228F /* MainInterface.storyboard */; };
		5F4F42521DC937250026228F /* Assets.xcassets in Resources */ = {isa = PBXBuildFile; fileRef = 5F4F42511DC937250026228F /* Assets.xcassets */; };
		5F4F425E1DC942170026228F /* ReadReceipt.swift in Sources */ = {isa = PBXBuildFile; fileRef = 5F4F425D1DC942170026228F /* ReadReceipt.swift */; };
		5F4F42601DC9467F0026228F /* Utils.swift in Sources */ = {isa = PBXBuildFile; fileRef = 5F4F425F1DC9467F0026228F /* Utils.swift */; };
		5F4F42621DC97FF20026228F /* StickerBrowser.swift in Sources */ = {isa = PBXBuildFile; fileRef = 5F4F42611DC97FF20026228F /* StickerBrowser.swift */; };
		5F4F42661DC986B80026228F /* NSAttributedString+ResizeToFit.m in Sources */ = {isa = PBXBuildFile; fileRef = 5F4F42651DC986B80026228F /* NSAttributedString+ResizeToFit.m */; };
/* End PBXBuildFile section */

/* Begin PBXContainerItemProxy section */
		5F4F42461DC937250026228F /* PBXContainerItemProxy */ = {
			isa = PBXContainerItemProxy;
			containerPortal = 5F4F42341DC937240026228F /* Project object */;
			proxyType = 1;
			remoteGlobalIDString = 5F4F42431DC937250026228F;
			remoteInfo = MessagesExtension;
		};
/* End PBXContainerItemProxy section */

/* Begin PBXCopyFilesBuildPhase section */
		5F4F42591DC937250026228F /* Embed App Extensions */ = {
			isa = PBXCopyFilesBuildPhase;
			buildActionMask = 2147483647;
			dstPath = "";
			dstSubfolderSpec = 13;
			files = (
				5F4F42451DC937250026228F /* MessagesExtension.appex in Embed App Extensions */,
			);
			name = "Embed App Extensions";
			runOnlyForDeploymentPostprocessing = 0;
		};
/* End PBXCopyFilesBuildPhase section */

/* Begin PBXFileReference section */
		5F4F423A1DC937240026228F /* ReadReceipts.app */ = {isa = PBXFileReference; explicitFileType = wrapper.application; includeInIndex = 0; path = ReadReceipts.app; sourceTree = BUILT_PRODUCTS_DIR; };
		5F4F423D1DC937240026228F /* Assets.xcassets */ = {isa = PBXFileReference; lastKnownFileType = folder.assetcatalog; path = Assets.xcassets; sourceTree = "<group>"; };
		5F4F423F1DC937240026228F /* Info.plist */ = {isa = PBXFileReference; lastKnownFileType = text.plist.xml; path = Info.plist; sourceTree = "<group>"; };
		5F4F42441DC937250026228F /* MessagesExtension.appex */ = {isa = PBXFileReference; explicitFileType = "wrapper.app-extension"; includeInIndex = 0; path = MessagesExtension.appex; sourceTree = BUILT_PRODUCTS_DIR; };
		5F4F42491DC937250026228F /* Messages.framework */ = {isa = PBXFileReference; lastKnownFileType = wrapper.framework; name = Messages.framework; path = System/Library/Frameworks/Messages.framework; sourceTree = SDKROOT; };
		5F4F424C1DC937250026228F /* MessagesViewController.swift */ = {isa = PBXFileReference; lastKnownFileType = sourcecode.swift; path = MessagesViewController.swift; sourceTree = "<group>"; };
		5F4F424F1DC937250026228F /* Base */ = {isa = PBXFileReference; lastKnownFileType = file.storyboard; name = Base; path = Base.lproj/MainInterface.storyboard; sourceTree = "<group>"; };
		5F4F42511DC937250026228F /* Assets.xcassets */ = {isa = PBXFileReference; lastKnownFileType = folder.assetcatalog; path = Assets.xcassets; sourceTree = "<group>"; };
		5F4F42531DC937250026228F /* Info.plist */ = {isa = PBXFileReference; lastKnownFileType = text.plist.xml; path = Info.plist; sourceTree = "<group>"; };
		5F4F425D1DC942170026228F /* ReadReceipt.swift */ = {isa = PBXFileReference; fileEncoding = 4; lastKnownFileType = sourcecode.swift; path = ReadReceipt.swift; sourceTree = "<group>"; };
		5F4F425F1DC9467F0026228F /* Utils.swift */ = {isa = PBXFileReference; fileEncoding = 4; lastKnownFileType = sourcecode.swift; path = Utils.swift; sourceTree = "<group>"; };
		5F4F42611DC97FF20026228F /* StickerBrowser.swift */ = {isa = PBXFileReference; fileEncoding = 4; lastKnownFileType = sourcecode.swift; path = StickerBrowser.swift; sourceTree = "<group>"; };
		5F4F42631DC986B70026228F /* MessagesExtension-Bridging-Header.h */ = {isa = PBXFileReference; lastKnownFileType = sourcecode.c.h; path = "MessagesExtension-Bridging-Header.h"; sourceTree = "<group>"; };
		5F4F42641DC986B80026228F /* NSAttributedString+ResizeToFit.h */ = {isa = PBXFileReference; fileEncoding = 4; lastKnownFileType = sourcecode.c.h; path = "NSAttributedString+ResizeToFit.h"; sourceTree = "<group>"; };
		5F4F42651DC986B80026228F /* NSAttributedString+ResizeToFit.m */ = {isa = PBXFileReference; fileEncoding = 4; lastKnownFileType = sourcecode.c.objc; path = "NSAttributedString+ResizeToFit.m"; sourceTree = "<group>"; };
/* End PBXFileReference section */

/* Begin PBXFrameworksBuildPhase section */
		5F4F42411DC937250026228F /* Frameworks */ = {
			isa = PBXFrameworksBuildPhase;
			buildActionMask = 2147483647;
			files = (
				5F4F424A1DC937250026228F /* Messages.framework in Frameworks */,
			);
			runOnlyForDeploymentPostprocessing = 0;
		};
/* End PBXFrameworksBuildPhase section */

/* Begin PBXGroup section */
		5F4F42331DC937240026228F = {
			isa = PBXGroup;
			children = (
				5F4F423C1DC937240026228F /* ReadReceipts */,
				5F4F424B1DC937250026228F /* MessagesExtension */,
				5F4F42481DC937250026228F /* Frameworks */,
				5F4F423B1DC937240026228F /* Products */,
			);
			sourceTree = "<group>";
		};
		5F4F423B1DC937240026228F /* Products */ = {
			isa = PBXGroup;
			children = (
				5F4F423A1DC937240026228F /* ReadReceipts.app */,
				5F4F42441DC937250026228F /* MessagesExtension.appex */,
			);
			name = Products;
			sourceTree = "<group>";
		};
		5F4F423C1DC937240026228F /* ReadReceipts */ = {
			isa = PBXGroup;
			children = (
				5F4F423D1DC937240026228F /* Assets.xcassets */,
				5F4F423F1DC937240026228F /* Info.plist */,
			);
			path = ReadReceipts;
			sourceTree = "<group>";
		};
		5F4F42481DC937250026228F /* Frameworks */ = {
			isa = PBXGroup;
			children = (
				5F4F42491DC937250026228F /* Messages.framework */,
			);
			name = Frameworks;
			sourceTree = "<group>";
		};
		5F4F424B1DC937250026228F /* MessagesExtension */ = {
			isa = PBXGroup;
			children = (
				5F4F424C1DC937250026228F /* MessagesViewController.swift */,
				5F4F42611DC97FF20026228F /* StickerBrowser.swift */,
				5F4F425D1DC942170026228F /* ReadReceipt.swift */,
				5F4F425F1DC9467F0026228F /* Utils.swift */,
				5F4F42641DC986B80026228F /* NSAttributedString+ResizeToFit.h */,
				5F4F42651DC986B80026228F /* NSAttributedString+ResizeToFit.m */,
				5F4F424E1DC937250026228F /* MainInterface.storyboard */,
				5F4F42511DC937250026228F /* Assets.xcassets */,
				5F4F42531DC937250026228F /* Info.plist */,
				5F4F42631DC986B70026228F /* MessagesExtension-Bridging-Header.h */,
			);
			path = MessagesExtension;
			sourceTree = "<group>";
		};
/* End PBXGroup section */

/* Begin PBXNativeTarget section */
		5F4F42391DC937240026228F /* ReadReceipts */ = {
			isa = PBXNativeTarget;
			buildConfigurationList = 5F4F425A1DC937250026228F /* Build configuration list for PBXNativeTarget "ReadReceipts" */;
			buildPhases = (
				5F4F42381DC937240026228F /* Resources */,
				5F4F42591DC937250026228F /* Embed App Extensions */,
			);
			buildRules = (
			);
			dependencies = (
				5F4F42471DC937250026228F /* PBXTargetDependency */,
			);
			name = ReadReceipts;
			productName = ReadReceipts;
			productReference = 5F4F423A1DC937240026228F /* ReadReceipts.app */;
			productType = "com.apple.product-type.application.messages";
		};
		5F4F42431DC937250026228F /* MessagesExtension */ = {
			isa = PBXNativeTarget;
			buildConfigurationList = 5F4F42561DC937250026228F /* Build configuration list for PBXNativeTarget "MessagesExtension" */;
			buildPhases = (
				5F4F42401DC937250026228F /* Sources */,
				5F4F42411DC937250026228F /* Frameworks */,
				5F4F42421DC937250026228F /* Resources */,
			);
			buildRules = (
			);
			dependencies = (
			);
			name = MessagesExtension;
			productName = MessagesExtension;
			productReference = 5F4F42441DC937250026228F /* MessagesExtension.appex */;
			productType = "com.apple.product-type.app-extension.messages";
		};
/* End PBXNativeTarget section */

/* Begin PBXProject section */
		5F4F42341DC937240026228F /* Project object */ = {
			isa = PBXProject;
			attributes = {
				LastSwiftUpdateCheck = 0800;
				LastUpgradeCheck = 0800;
				ORGANIZATIONNAME = "Nate Parrott";
				TargetAttributes = {
					5F4F42391DC937240026228F = {
						CreatedOnToolsVersion = 8.0;
						DevelopmentTeam = VPN8ZW6EAC;
						ProvisioningStyle = Automatic;
					};
					5F4F42431DC937250026228F = {
						CreatedOnToolsVersion = 8.0;
						DevelopmentTeam = VPN8ZW6EAC;
						LastSwiftMigration = 0800;
						ProvisioningStyle = Automatic;
					};
				};
			};
			buildConfigurationList = 5F4F42371DC937240026228F /* Build configuration list for PBXProject "ReadReceipts" */;
			compatibilityVersion = "Xcode 3.2";
			developmentRegion = English;
			hasScannedForEncodings = 0;
			knownRegions = (
				en,
				Base,
			);
			mainGroup = 5F4F42331DC937240026228F;
			productRefGroup = 5F4F423B1DC937240026228F /* Products */;
			projectDirPath = "";
			projectRoot = "";
			targets = (
				5F4F42391DC937240026228F /* ReadReceipts */,
				5F4F42431DC937250026228F /* MessagesExtension */,
			);
		};
/* End PBXProject section */

/* Begin PBXResourcesBuildPhase section */
		5F4F42381DC937240026228F /* Resources */ = {
			isa = PBXResourcesBuildPhase;
			buildActionMask = 2147483647;
			files = (
				5F4F423E1DC937240026228F /* Assets.xcassets in Resources */,
			);
			runOnlyForDeploymentPostprocessing = 0;
		};
		5F4F42421DC937250026228F /* Resources */ = {
			isa = PBXResourcesBuildPhase;
			buildActionMask = 2147483647;
			files = (
				5F4F42521DC937250026228F /* Assets.xcassets in Resources */,
				5F4F42501DC937250026228F /* MainInterface.storyboard in Resources */,
			);
			runOnlyForDeploymentPostprocessing = 0;
		};
/* End PBXResourcesBuildPhase section */

/* Begin PBXSourcesBuildPhase section */
		5F4F42401DC937250026228F /* Sources */ = {
			isa = PBXSourcesBuildPhase;
			buildActionMask = 2147483647;
			files = (
				5F4F42621DC97FF20026228F /* StickerBrowser.swift in Sources */,
				5F4F425E1DC942170026228F /* ReadReceipt.swift in Sources */,
				5F4F424D1DC937250026228F /* MessagesViewController.swift in Sources */,
				5F4F42661DC986B80026228F /* NSAttributedString+ResizeToFit.m in Sources */,
				5F4F42601DC9467F0026228F /* Utils.swift in Sources */,
			);
			runOnlyForDeploymentPostprocessing = 0;
		};
/* End PBXSourcesBuildPhase section */

/* Begin PBXTargetDependency section */
		5F4F42471DC937250026228F /* PBXTargetDependency */ = {
			isa = PBXTargetDependency;
			target = 5F4F42431DC937250026228F /* MessagesExtension */;
			targetProxy = 5F4F42461DC937250026228F /* PBXContainerItemProxy */;
		};
/* End PBXTargetDependency section */

/* Begin PBXVariantGroup section */
		5F4F424E1DC937250026228F /* MainInterface.storyboard */ = {
			isa = PBXVariantGroup;
			children = (
				5F4F424F1DC937250026228F /* Base */,
			);
			name = MainInterface.storyboard;
			sourceTree = "<group>";
		};
/* End PBXVariantGroup section */

/* Begin XCBuildConfiguration section */
		5F4F42541DC937250026228F /* Debug */ = {
			isa = XCBuildConfiguration;
			buildSettings = {
				ALWAYS_SEARCH_USER_PATHS = NO;
				CLANG_ANALYZER_NONNULL = YES;
				CLANG_CXX_LANGUAGE_STANDARD = "gnu++0x";
				CLANG_CXX_LIBRARY = "libc++";
				CLANG_ENABLE_MODULES = YES;
				CLANG_ENABLE_OBJC_ARC = YES;
				CLANG_WARN_BOOL_CONVERSION = YES;
				CLANG_WARN_CONSTANT_CONVERSION = YES;
				CLANG_WARN_DIRECT_OBJC_ISA_USAGE = YES_ERROR;
				CLANG_WARN_DOCUMENTATION_COMMENTS = YES;
				CLANG_WARN_EMPTY_BODY = YES;
				CLANG_WARN_ENUM_CONVERSION = YES;
				CLANG_WARN_INFINITE_RECURSION = YES;
				CLANG_WARN_INT_CONVERSION = YES;
				CLANG_WARN_OBJC_ROOT_CLASS = YES_ERROR;
				CLANG_WARN_SUSPICIOUS_MOVES = YES;
				CLANG_WARN_UNREACHABLE_CODE = YES;
				CLANG_WARN__DUPLICATE_METHOD_MATCH = YES;
				"CODE_SIGN_IDENTITY[sdk=iphoneos*]" = "iPhone Developer";
				COPY_PHASE_STRIP = NO;
				DEBUG_INFORMATION_FORMAT = dwarf;
				ENABLE_STRICT_OBJC_MSGSEND = YES;
				ENABLE_TESTABILITY = YES;
				GCC_C_LANGUAGE_STANDARD = gnu99;
				GCC_DYNAMIC_NO_PIC = NO;
				GCC_NO_COMMON_BLOCKS = YES;
				GCC_OPTIMIZATION_LEVEL = 0;
				GCC_PREPROCESSOR_DEFINITIONS = (
					"DEBUG=1",
					"$(inherited)",
				);
				GCC_WARN_64_TO_32_BIT_CONVERSION = YES;
				GCC_WARN_ABOUT_RETURN_TYPE = YES_ERROR;
				GCC_WARN_UNDECLARED_SELECTOR = YES;
				GCC_WARN_UNINITIALIZED_AUTOS = YES_AGGRESSIVE;
				GCC_WARN_UNUSED_FUNCTION = YES;
				GCC_WARN_UNUSED_VARIABLE = YES;
				IPHONEOS_DEPLOYMENT_TARGET = 10.0;
				MTL_ENABLE_DEBUG_INFO = YES;
				ONLY_ACTIVE_ARCH = YES;
				SDKROOT = iphoneos;
				SWIFT_ACTIVE_COMPILATION_CONDITIONS = DEBUG;
				SWIFT_OPTIMIZATION_LEVEL = "-Onone";
			};
			name = Debug;
		};
		5F4F42551DC937250026228F /* Release */ = {
			isa = XCBuildConfiguration;
			buildSettings = {
				ALWAYS_SEARCH_USER_PATHS = NO;
				CLANG_ANALYZER_NONNULL = YES;
				CLANG_CXX_LANGUAGE_STANDARD = "gnu++0x";
				CLANG_CXX_LIBRARY = "libc++";
				CLANG_ENABLE_MODULES = YES;
				CLANG_ENABLE_OBJC_ARC = YES;
				CLANG_WARN_BOOL_CONVERSION = YES;
				CLANG_WARN_CONSTANT_CONVERSION = YES;
				CLANG_WARN_DIRECT_OBJC_ISA_USAGE = YES_ERROR;
				CLANG_WARN_DOCUMENTATION_COMMENTS = YES;
				CLANG_WARN_EMPTY_BODY = YES;
				CLANG_WARN_ENUM_CONVERSION = YES;
				CLANG_WARN_INFINITE_RECURSION = YES;
				CLANG_WARN_INT_CONVERSION = YES;
				CLANG_WARN_OBJC_ROOT_CLASS = YES_ERROR;
				CLANG_WARN_SUSPICIOUS_MOVES = YES;
				CLANG_WARN_UNREACHABLE_CODE = YES;
				CLANG_WARN__DUPLICATE_METHOD_MATCH = YES;
				"CODE_SIGN_IDENTITY[sdk=iphoneos*]" = "iPhone Developer";
				COPY_PHASE_STRIP = NO;
				DEBUG_INFORMATION_FORMAT = "dwarf-with-dsym";
				ENABLE_NS_ASSERTIONS = NO;
				ENABLE_STRICT_OBJC_MSGSEND = YES;
				GCC_C_LANGUAGE_STANDARD = gnu99;
				GCC_NO_COMMON_BLOCKS = YES;
				GCC_WARN_64_TO_32_BIT_CONVERSION = YES;
				GCC_WARN_ABOUT_RETURN_TYPE = YES_ERROR;
				GCC_WARN_UNDECLARED_SELECTOR = YES;
				GCC_WARN_UNINITIALIZED_AUTOS = YES_AGGRESSIVE;
				GCC_WARN_UNUSED_FUNCTION = YES;
				GCC_WARN_UNUSED_VARIABLE = YES;
				IPHONEOS_DEPLOYMENT_TARGET = 10.0;
				MTL_ENABLE_DEBUG_INFO = NO;
				SDKROOT = iphoneos;
				SWIFT_OPTIMIZATION_LEVEL = "-Owholemodule";
				VALIDATE_PRODUCT = YES;
			};
			name = Release;
		};
		5F4F42571DC937250026228F /* Debug */ = {
			isa = XCBuildConfiguration;
			buildSettings = {
				ASSETCATALOG_COMPILER_APPICON_NAME = "iMessage App Icon";
				CLANG_ENABLE_MODULES = YES;
				DEVELOPMENT_TEAM = VPN8ZW6EAC;
				INFOPLIST_FILE = MessagesExtension/Info.plist;
				LD_RUNPATH_SEARCH_PATHS = "$(inherited) @executable_path/Frameworks @executable_path/../../Frameworks";
				PRODUCT_BUNDLE_IDENTIFIER = com.nateparrott.ReadReceipts.MessagesExtension;
				PRODUCT_NAME = "$(TARGET_NAME)";
				SKIP_INSTALL = YES;
				SWIFT_OBJC_BRIDGING_HEADER = "MessagesExtension/MessagesExtension-Bridging-Header.h";
				SWIFT_OPTIMIZATION_LEVEL = "-Onone";
				SWIFT_VERSION = 3.0;
			};
			name = Debug;
		};
		5F4F42581DC937250026228F /* Release */ = {
			isa = XCBuildConfiguration;
			buildSettings = {
				ASSETCATALOG_COMPILER_APPICON_NAME = "iMessage App Icon";
				CLANG_ENABLE_MODULES = YES;
				DEVELOPMENT_TEAM = VPN8ZW6EAC;
				INFOPLIST_FILE = MessagesExtension/Info.plist;
				LD_RUNPATH_SEARCH_PATHS = "$(inherited) @executable_path/Frameworks @executable_path/../../Frameworks";
				PRODUCT_BUNDLE_IDENTIFIER = com.nateparrott.ReadReceipts.MessagesExtension;
				PRODUCT_NAME = "$(TARGET_NAME)";
				SKIP_INSTALL = YES;
				SWIFT_OBJC_BRIDGING_HEADER = "MessagesExtension/MessagesExtension-Bridging-Header.h";
				SWIFT_VERSION = 3.0;
			};
			name = Release;
		};
		5F4F425B1DC937250026228F /* Debug */ = {
			isa = XCBuildConfiguration;
			buildSettings = {
				ALWAYS_EMBED_SWIFT_STANDARD_LIBRARIES = YES;
				ASSETCATALOG_COMPILER_APPICON_NAME = AppIcon;
				DEVELOPMENT_TEAM = VPN8ZW6EAC;
				INFOPLIST_FILE = ReadReceipts/Info.plist;
				PRODUCT_BUNDLE_IDENTIFIER = com.nateparrott.ReadReceipts;
				PRODUCT_NAME = "$(TARGET_NAME)";
				SWIFT_VERSION = 3.0;
				TARGETED_DEVICE_FAMILY = "1,2";
			};
			name = Debug;
		};
		5F4F425C1DC937250026228F /* Release */ = {
			isa = XCBuildConfiguration;
			buildSettings = {
				ALWAYS_EMBED_SWIFT_STANDARD_LIBRARIES = YES;
				ASSETCATALOG_COMPILER_APPICON_NAME = AppIcon;
				DEVELOPMENT_TEAM = VPN8ZW6EAC;
				INFOPLIST_FILE = ReadReceipts/Info.plist;
				PRODUCT_BUNDLE_IDENTIFIER = com.nateparrott.ReadReceipts;
				PRODUCT_NAME = "$(TARGET_NAME)";
				SWIFT_VERSION = 3.0;
				TARGETED_DEVICE_FAMILY = "1,2";
			};
			name = Release;
		};
/* End XCBuildConfiguration section */

/* Begin XCConfigurationList section */
		5F4F42371DC937240026228F /* Build configuration list for PBXProject "ReadReceipts" */ = {
			isa = XCConfigurationList;
			buildConfigurations = (
				5F4F42541DC937250026228F /* Debug */,
				5F4F42551DC937250026228F /* Release */,
			);
			defaultConfigurationIsVisible = 0;
			defaultConfigurationName = Release;
		};
		5F4F42561DC937250026228F /* Build configuration list for PBXNativeTarget "MessagesExtension" */ = {
			isa = XCConfigurationList;
			buildConfigurations = (
				5F4F42571DC937250026228F /* Debug */,
				5F4F42581DC937250026228F /* Release */,
			);
			defaultConfigurationIsVisible = 0;
			defaultConfigurationName = Release;
		};
		5F4F425A1DC937250026228F /* Build configuration list for PBXNativeTarget "ReadReceipts" */ = {
			isa = XCConfigurationList;
			buildConfigurations = (
				5F4F425B1DC937250026228F /* Debug */,
				5F4F425C1DC937250026228F /* Release */,
			);
			defaultConfigurationIsVisible = 0;
			defaultConfigurationName = Release;
		};
/* End XCConfigurationList section */
	};
	rootObject = 5F4F42341DC937240026228F /* Project object */;
}
